
Microsoft Visual Studio Solution File, Format Version 12.00
# Visual Studio Version 16
VisualStudioVersion = 16.0.32510.428
MinimumVisualStudioVersion = 10.0.40219.1
Project("{FAE04EC0-301F-11D3-BF4B-00C04F79EFBC}") = "GTA_radio_stations_app", "GTA_radio_stations_app\GTA_radio_stations_app.csproj", "{FF016C52-9C4F-4A81-99DC-775B511241B7}"
EndProject
Global
	GlobalSection(SolutionConfigurationPlatforms) = preSolution
		Debug|Any CPU = Debug|Any CPU
		Release|Any CPU = Release|Any CPU
	EndGlobalSection
	GlobalSection(ProjectConfigurationPlatforms) = postSolution
		{FF016C52-9C4F-4A81-99DC-775B511241B7}.Debug|Any CPU.ActiveCfg = Debug|Any CPU
		{FF016C52-9C4F-4A81-99DC-775B511241B7}.Debug|Any CPU.Build.0 = Debug|Any CPU
		{FF016C52-9C4F-4A81-99DC-775B511241B7}.Release|Any CPU.ActiveCfg = Release|Any CPU
		{FF016C52-9C4F-4A81-99DC-775B511241B7}.Release|Any CPU.Build.0 = Release|Any CPU
	EndGlobalSection
	GlobalSection(SolutionProperties) = preSolution
		HideSolutionNode = FALSE
	EndGlobalSection
	GlobalSection(ExtensibilityGlobals) = postSolution
		SolutionGuid = {A716784F-0C54-4093-9F19-63AE8F12AFBA}
	EndGlobalSection
EndGlobal
